
Microsoft Visual Studio Solution File, Format Version 12.00
# Visual Studio Version 17
VisualStudioVersion = 17.0.31903.59
MinimumVisualStudioVersion = 10.0.40219.1
Project("{2150E333-8FDC-42A3-9474-1A3956D46DE8}") = "src", "src", "{827E0CD3-B72D-47B6-A68D-7590B98EB39B}"
EndProject
Project("{FAE04EC0-301F-11D3-BF4B-00C04F79EFBC}") = "Credentials.Core", "src\Credentials.Core\Credentials.Core.csproj", "{A8FAE175-2E1F-472E-B4FC-8C3D03FF283A}"
EndProject
Project("{FAE04EC0-301F-11D3-BF4B-00C04F79EFBC}") = "Credentials.Extensions.DependencyInjection", "src\Credentials.Extensions.DependencyInjection\Credentials.Extensions.DependencyInjection.csproj", "{0EDEB95A-2C00-4B25-83E1-C2B8B33A212A}"
EndProject
Project("{2150E333-8FDC-42A3-9474-1A3956D46DE8}") = "tests", "tests", "{0AB3BF05-4346-4AA6-1389-037BE0695223}"
EndProject
Project("{FAE04EC0-301F-11D3-BF4B-00C04F79EFBC}") = "Credentials.Core.Tests", "tests\Credentials.Core.Tests\Credentials.Core.Tests.csproj", "{B483F71D-20DB-46DD-B07C-0E1D8D432B9E}"
EndProject
Project("{FAE04EC0-301F-11D3-BF4B-00C04F79EFBC}") = "Credentials.Extensions.DependencyInjection.Tests", "tests\Credentials.Extensions.DependencyInjection.Tests\Credentials.Extensions.DependencyInjection.Tests.csproj", "{EE051155-BE4D-4F90-8CF3-1A9AF5E1898E}"
EndProject
Project("{FAE04EC0-301F-11D3-BF4B-00C04F79EFBC}") = "Credentials.Rdfc", "src\Credentials.Rdfc\Credentials.Rdfc.csproj", "{90AB853F-9033-408D-A1A8-37C8E18FA680}"
EndProject
Project("{FAE04EC0-301F-11D3-BF4B-00C04F79EFBC}") = "Credentials.Rdfc.Tests", "tests\Credentials.Rdfc.Tests\Credentials.Rdfc.Tests.csproj", "{9679FB89-FE93-4E8E-8078-E001A99452BC}"
EndProject
Project("{FAE04EC0-301F-11D3-BF4B-00C04F79EFBC}") = "Credentials.TestSupport", "tests\Credentials.TestSupport\Credentials.TestSupport.csproj", "{840E889E-8408-4A2D-A9AD-80F9433069F2}"
EndProject
Project("{FAE04EC0-301F-11D3-BF4B-00C04F79EFBC}") = "Credentials.ArchitectureTests", "tests\Credentials.ArchitectureTests\Credentials.ArchitectureTests.csproj", "{7495F11C-6ACB-445A-BE8F-A73969EB8651}"
EndProject
Project("{FAE04EC0-301F-11D3-BF4B-00C04F79EFBC}") = "Credentials.RoundTripTests", "tests\Credentials.RoundTripTests\Credentials.RoundTripTests.csproj", "{95D74A3F-243F-4CB0-945F-B47EABC672CF}"
EndProject
Project("{2150E333-8FDC-42A3-9474-1A3956D46DE8}") = "samples", "samples", "{5D20AA90-6969-D8BD-9DCD-8634F4692FDA}"
EndProject
Project("{FAE04EC0-301F-11D3-BF4B-00C04F79EFBC}") = "Credentials.Samples.Shared", "samples\Credentials.Samples.Shared\Credentials.Samples.Shared.csproj", "{757952EE-C92D-4072-8F40-1BA61093A87C}"
EndProject
Project("{FAE04EC0-301F-11D3-BF4B-00C04F79EFBC}") = "Credentials.Sample.DataIntegrity", "samples\Credentials.Sample.DataIntegrity\Credentials.Sample.DataIntegrity.csproj", "{41519048-787A-4EF9-BDD5-8CDAD0371302}"
EndProject
Project("{FAE04EC0-301F-11D3-BF4B-00C04F79EFBC}") = "Credentials.Sample.Bbs2023", "samples\Credentials.Sample.Bbs2023\Credentials.Sample.Bbs2023.csproj", "{6E1DAA5B-76DC-4481-88C5-A97E088FF5CA}"
EndProject
Project("{FAE04EC0-301F-11D3-BF4B-00C04F79EFBC}") = "Credentials.Sample.CoseEnvelope", "samples\Credentials.Sample.CoseEnvelope\Credentials.Sample.CoseEnvelope.csproj", "{BCE757F3-EB66-4D43-8727-14C8A218DF56}"
EndProject
Project("{FAE04EC0-301F-11D3-BF4B-00C04F79EFBC}") = "Credentials.Sample.DataIntegrityRdfc", "samples\Credentials.Sample.DataIntegrityRdfc\Credentials.Sample.DataIntegrityRdfc.csproj", "{24B516B7-D63D-46A7-A321-B3B7C1BACA4D}"
EndProject
Project("{FAE04EC0-301F-11D3-BF4B-00C04F79EFBC}") = "Credentials.Sample.FullPipeline", "samples\Credentials.Sample.FullPipeline\Credentials.Sample.FullPipeline.csproj", "{7A0F1CDA-CD9C-41E9-85CD-D60BB941DD93}"
EndProject
Project("{FAE04EC0-301F-11D3-BF4B-00C04F79EFBC}") = "Credentials.Sample.IssuerTrust", "samples\Credentials.Sample.IssuerTrust\Credentials.Sample.IssuerTrust.csproj", "{70833E64-57E1-420C-ADF6-0EB4DE9D43DE}"
EndProject
Project("{FAE04EC0-301F-11D3-BF4B-00C04F79EFBC}") = "Credentials.Sample.JoseEnvelope", "samples\Credentials.Sample.JoseEnvelope\Credentials.Sample.JoseEnvelope.csproj", "{7AD98807-347C-4742-9769-06F464D4172F}"
EndProject
Project("{FAE04EC0-301F-11D3-BF4B-00C04F79EFBC}") = "Credentials.Sample.PresentationDataIntegrity", "samples\Credentials.Sample.PresentationDataIntegrity\Credentials.Sample.PresentationDataIntegrity.csproj", "{0A425634-BEA8-48DF-821B-B0B3355026BA}"
EndProject
Project("{FAE04EC0-301F-11D3-BF4B-00C04F79EFBC}") = "Credentials.Sample.PresentationJose", "samples\Credentials.Sample.PresentationJose\Credentials.Sample.PresentationJose.csproj", "{D3D909B6-1C6B-45A2-9260-1ABEBDC66D98}"
EndProject
Project("{FAE04EC0-301F-11D3-BF4B-00C04F79EFBC}") = "Credentials.Sample.Schema", "samples\Credentials.Sample.Schema\Credentials.Sample.Schema.csproj", "{0A631C0F-7ED8-4EB0-8F18-0745A9E734B9}"
EndProject
Project("{FAE04EC0-301F-11D3-BF4B-00C04F79EFBC}") = "Credentials.Sample.SdJwtPresentation", "samples\Credentials.Sample.SdJwtPresentation\Credentials.Sample.SdJwtPresentation.csproj", "{4531468B-0587-400C-B9CC-40A8D4FAF836}"
EndProject
Project("{FAE04EC0-301F-11D3-BF4B-00C04F79EFBC}") = "Credentials.Sample.SdJwtVc", "samples\Credentials.Sample.SdJwtVc\Credentials.Sample.SdJwtVc.csproj", "{150E5C31-6234-4004-A59D-FE65531535AC}"
EndProject
Project("{FAE04EC0-301F-11D3-BF4B-00C04F79EFBC}") = "Credentials.Sample.StatusList", "samples\Credentials.Sample.StatusList\Credentials.Sample.StatusList.csproj", "{F6B47443-D6B9-4193-9D65-FAEED5DB73B3}"
EndProject
Project("{FAE04EC0-301F-11D3-BF4B-00C04F79EFBC}") = "Credentials.Sample.Vcdm11", "samples\Credentials.Sample.Vcdm11\Credentials.Sample.Vcdm11.csproj", "{A125BD71-85FA-4356-AD5A-9098A5E17CFB}"
EndProject
Project("{FAE04EC0-301F-11D3-BF4B-00C04F79EFBC}") = "Credentials.SampleSmokeTests", "tests\Credentials.SampleSmokeTests\Credentials.SampleSmokeTests.csproj", "{0B29BCE9-C3C8-4F76-BAAB-7877A34AE203}"
EndProject
Project("{2150E333-8FDC-42A3-9474-1A3956D46DE8}") = "tools", "tools", "{07C2787E-EAC7-C090-1BA3-A61EC2A24D84}"
EndProject
Project("{2150E333-8FDC-42A3-9474-1A3956D46DE8}") = "api-coverage", "api-coverage", "{C7BAFAB4-7248-6C1D-4F1A-5C71C8CBBB62}"
EndProject
Project("{FAE04EC0-301F-11D3-BF4B-00C04F79EFBC}") = "Credentials.Tools.ApiCoverage", "tools\api-coverage\Credentials.Tools.ApiCoverage.csproj", "{5AD619CA-B4BA-4BDC-A9A4-FA83E096BF80}"
EndProject
Project("{FAE04EC0-301F-11D3-BF4B-00C04F79EFBC}") = "Credentials.Conformance.VcApi", "tests\Credentials.Conformance.VcApi\Credentials.Conformance.VcApi.csproj", "{4BFF8298-FFFE-4106-9302-20C39880FA41}"
EndProject
Project("{FAE04EC0-301F-11D3-BF4B-00C04F79EFBC}") = "Credentials.Conformance.Tests", "tests\Credentials.Conformance.Tests\Credentials.Conformance.Tests.csproj", "{C510BA43-AA7D-42F9-AF09-A6AA34FB2EFC}"
EndProject
Project("{FAE04EC0-301F-11D3-BF4B-00C04F79EFBC}") = "Credentials.InteropTests", "tests\Credentials.InteropTests\Credentials.InteropTests.csproj", "{EB0CC2A9-2E6F-4A7A-9123-8EEA325FB645}"
EndProject
Global
	GlobalSection(SolutionConfigurationPlatforms) = preSolution
		Debug|Any CPU = Debug|Any CPU
		Debug|x64 = Debug|x64
		Debug|x86 = Debug|x86
		Release|Any CPU = Release|Any CPU
		Release|x64 = Release|x64
		Release|x86 = Release|x86
	EndGlobalSection
	GlobalSection(ProjectConfigurationPlatforms) = postSolution
		{A8FAE175-2E1F-472E-B4FC-8C3D03FF283A}.Debug|Any CPU.ActiveCfg = Debug|Any CPU
		{A8FAE175-2E1F-472E-B4FC-8C3D03FF283A}.Debug|Any CPU.Build.0 = Debug|Any CPU
		{A8FAE175-2E1F-472E-B4FC-8C3D03FF283A}.Debug|x64.ActiveCfg = Debug|Any CPU
		{A8FAE175-2E1F-472E-B4FC-8C3D03FF283A}.Debug|x64.Build.0 = Debug|Any CPU
		{A8FAE175-2E1F-472E-B4FC-8C3D03FF283A}.Debug|x86.ActiveCfg = Debug|Any CPU
		{A8FAE175-2E1F-472E-B4FC-8C3D03FF283A}.Debug|x86.Build.0 = Debug|Any CPU
		{A8FAE175-2E1F-472E-B4FC-8C3D03FF283A}.Release|Any CPU.ActiveCfg = Release|Any CPU
		{A8FAE175-2E1F-472E-B4FC-8C3D03FF283A}.Release|Any CPU.Build.0 = Release|Any CPU
		{A8FAE175-2E1F-472E-B4FC-8C3D03FF283A}.Release|x64.ActiveCfg = Release|Any CPU
		{A8FAE175-2E1F-472E-B4FC-8C3D03FF283A}.Release|x64.Build.0 = Release|Any CPU
		{A8FAE175-2E1F-472E-B4FC-8C3D03FF283A}.Release|x86.ActiveCfg = Release|Any CPU
		{A8FAE175-2E1F-472E-B4FC-8C3D03FF283A}.Release|x86.Build.0 = Release|Any CPU
		{0EDEB95A-2C00-4B25-83E1-C2B8B33A212A}.Debug|Any CPU.ActiveCfg = Debug|Any CPU
		{0EDEB95A-2C00-4B25-83E1-C2B8B33A212A}.Debug|Any CPU.Build.0 = Debug|Any CPU
		{0EDEB95A-2C00-4B25-83E1-C2B8B33A212A}.Debug|x64.ActiveCfg = Debug|Any CPU
		{0EDEB95A-2C00-4B25-83E1-C2B8B33A212A}.Debug|x64.Build.0 = Debug|Any CPU
		{0EDEB95A-2C00-4B25-83E1-C2B8B33A212A}.Debug|x86.ActiveCfg = Debug|Any CPU
		{0EDEB95A-2C00-4B25-83E1-C2B8B33A212A}.Debug|x86.Build.0 = Debug|Any CPU
		{0EDEB95A-2C00-4B25-83E1-C2B8B33A212A}.Release|Any CPU.ActiveCfg = Release|Any CPU
		{0EDEB95A-2C00-4B25-83E1-C2B8B33A212A}.Release|Any CPU.Build.0 = Release|Any CPU
		{0EDEB95A-2C00-4B25-83E1-C2B8B33A212A}.Release|x64.ActiveCfg = Release|Any CPU
		{0EDEB95A-2C00-4B25-83E1-C2B8B33A212A}.Release|x64.Build.0 = Release|Any CPU
		{0EDEB95A-2C00-4B25-83E1-C2B8B33A212A}.Release|x86.ActiveCfg = Release|Any CPU
		{0EDEB95A-2C00-4B25-83E1-C2B8B33A212A}.Release|x86.Build.0 = Release|Any CPU
		{B483F71D-20DB-46DD-B07C-0E1D8D432B9E}.Debug|Any CPU.ActiveCfg = Debug|Any CPU
		{B483F71D-20DB-46DD-B07C-0E1D8D432B9E}.Debug|Any CPU.Build.0 = Debug|Any CPU
		{B483F71D-20DB-46DD-B07C-0E1D8D432B9E}.Debug|x64.ActiveCfg = Debug|Any CPU
		{B483F71D-20DB-46DD-B07C-0E1D8D432B9E}.Debug|x64.Build.0 = Debug|Any CPU
		{B483F71D-20DB-46DD-B07C-0E1D8D432B9E}.Debug|x86.ActiveCfg = Debug|Any CPU
		{B483F71D-20DB-46DD-B07C-0E1D8D432B9E}.Debug|x86.Build.0 = Debug|Any CPU
		{B483F71D-20DB-46DD-B07C-0E1D8D432B9E}.Release|Any CPU.ActiveCfg = Release|Any CPU
		{B483F71D-20DB-46DD-B07C-0E1D8D432B9E}.Release|Any CPU.Build.0 = Release|Any CPU
		{B483F71D-20DB-46DD-B07C-0E1D8D432B9E}.Release|x64.ActiveCfg = Release|Any CPU
		{B483F71D-20DB-46DD-B07C-0E1D8D432B9E}.Release|x64.Build.0 = Release|Any CPU
		{B483F71D-20DB-46DD-B07C-0E1D8D432B9E}.Release|x86.ActiveCfg = Release|Any CPU
		{B483F71D-20DB-46DD-B07C-0E1D8D432B9E}.Release|x86.Build.0 = Release|Any CPU
		{EE051155-BE4D-4F90-8CF3-1A9AF5E1898E}.Debug|Any CPU.ActiveCfg = Debug|Any CPU
		{EE051155-BE4D-4F90-8CF3-1A9AF5E1898E}.Debug|Any CPU.Build.0 = Debug|Any CPU
		{EE051155-BE4D-4F90-8CF3-1A9AF5E1898E}.Debug|x64.ActiveCfg = Debug|Any CPU
		{EE051155-BE4D-4F90-8CF3-1A9AF5E1898E}.Debug|x64.Build.0 = Debug|Any CPU
		{EE051155-BE4D-4F90-8CF3-1A9AF5E1898E}.Debug|x86.ActiveCfg = Debug|Any CPU
		{EE051155-BE4D-4F90-8CF3-1A9AF5E1898E}.Debug|x86.Build.0 = Debug|Any CPU
		{EE051155-BE4D-4F90-8CF3-1A9AF5E1898E}.Release|Any CPU.ActiveCfg = Release|Any CPU
		{EE051155-BE4D-4F90-8CF3-1A9AF5E1898E}.Release|Any CPU.Build.0 = Release|Any CPU
		{EE051155-BE4D-4F90-8CF3-1A9AF5E1898E}.Release|x64.ActiveCfg = Release|Any CPU
		{EE051155-BE4D-4F90-8CF3-1A9AF5E1898E}.Release|x64.Build.0 = Release|Any CPU
		{EE051155-BE4D-4F90-8CF3-1A9AF5E1898E}.Release|x86.ActiveCfg = Release|Any CPU
		{EE051155-BE4D-4F90-8CF3-1A9AF5E1898E}.Release|x86.Build.0 = Release|Any CPU
		{90AB853F-9033-408D-A1A8-37C8E18FA680}.Debug|Any CPU.ActiveCfg = Debug|Any CPU
		{90AB853F-9033-408D-A1A8-37C8E18FA680}.Debug|Any CPU.Build.0 = Debug|Any CPU
		{90AB853F-9033-408D-A1A8-37C8E18FA680}.Debug|x64.ActiveCfg = Debug|Any CPU
		{90AB853F-9033-408D-A1A8-37C8E18FA680}.Debug|x64.Build.0 = Debug|Any CPU
		{90AB853F-9033-408D-A1A8-37C8E18FA680}.Debug|x86.ActiveCfg = Debug|Any CPU
		{90AB853F-9033-408D-A1A8-37C8E18FA680}.Debug|x86.Build.0 = Debug|Any CPU
		{90AB853F-9033-408D-A1A8-37C8E18FA680}.Release|Any CPU.ActiveCfg = Release|Any CPU
		{90AB853F-9033-408D-A1A8-37C8E18FA680}.Release|Any CPU.Build.0 = Release|Any CPU
		{90AB853F-9033-408D-A1A8-37C8E18FA680}.Release|x64.ActiveCfg = Release|Any CPU
		{90AB853F-9033-408D-A1A8-37C8E18FA680}.Release|x64.Build.0 = Release|Any CPU
		{90AB853F-9033-408D-A1A8-37C8E18FA680}.Release|x86.ActiveCfg = Release|Any CPU
		{90AB853F-9033-408D-A1A8-37C8E18FA680}.Release|x86.Build.0 = Release|Any CPU
		{9679FB89-FE93-4E8E-8078-E001A99452BC}.Debug|Any CPU.ActiveCfg = Debug|Any CPU
		{9679FB89-FE93-4E8E-8078-E001A99452BC}.Debug|Any CPU.Build.0 = Debug|Any CPU
		{9679FB89-FE93-4E8E-8078-E001A99452BC}.Debug|x64.ActiveCfg = Debug|Any CPU
		{9679FB89-FE93-4E8E-8078-E001A99452BC}.Debug|x64.Build.0 = Debug|Any CPU
		{9679FB89-FE93-4E8E-8078-E001A99452BC}.Debug|x86.ActiveCfg = Debug|Any CPU
		{9679FB89-FE93-4E8E-8078-E001A99452BC}.Debug|x86.Build.0 = Debug|Any CPU
		{9679FB89-FE93-4E8E-8078-E001A99452BC}.Release|Any CPU.ActiveCfg = Release|Any CPU
		{9679FB89-FE93-4E8E-8078-E001A99452BC}.Release|Any CPU.Build.0 = Release|Any CPU
		{9679FB89-FE93-4E8E-8078-E001A99452BC}.Release|x64.ActiveCfg = Release|Any CPU
		{9679FB89-FE93-4E8E-8078-E001A99452BC}.Release|x64.Build.0 = Release|Any CPU
		{9679FB89-FE93-4E8E-8078-E001A99452BC}.Release|x86.ActiveCfg = Release|Any CPU
		{9679FB89-FE93-4E8E-8078-E001A99452BC}.Release|x86.Build.0 = Release|Any CPU
		{840E889E-8408-4A2D-A9AD-80F9433069F2}.Debug|Any CPU.ActiveCfg = Debug|Any CPU
		{840E889E-8408-4A2D-A9AD-80F9433069F2}.Debug|Any CPU.Build.0 = Debug|Any CPU
		{840E889E-8408-4A2D-A9AD-80F9433069F2}.Debug|x64.ActiveCfg = Debug|Any CPU
		{840E889E-8408-4A2D-A9AD-80F9433069F2}.Debug|x64.Build.0 = Debug|Any CPU
		{840E889E-8408-4A2D-A9AD-80F9433069F2}.Debug|x86.ActiveCfg = Debug|Any CPU
		{840E889E-8408-4A2D-A9AD-80F9433069F2}.Debug|x86.Build.0 = Debug|Any CPU
		{840E889E-8408-4A2D-A9AD-80F9433069F2}.Release|Any CPU.ActiveCfg = Release|Any CPU
		{840E889E-8408-4A2D-A9AD-80F9433069F2}.Release|Any CPU.Build.0 = Release|Any CPU
		{840E889E-8408-4A2D-A9AD-80F9433069F2}.Release|x64.ActiveCfg = Release|Any CPU
		{840E889E-8408-4A2D-A9AD-80F9433069F2}.Release|x64.Build.0 = Release|Any CPU
		{840E889E-8408-4A2D-A9AD-80F9433069F2}.Release|x86.ActiveCfg = Release|Any CPU
		{840E889E-8408-4A2D-A9AD-80F9433069F2}.Release|x86.Build.0 = Release|Any CPU
		{7495F11C-6ACB-445A-BE8F-A73969EB8651}.Debug|Any CPU.ActiveCfg = Debug|Any CPU
		{7495F11C-6ACB-445A-BE8F-A73969EB8651}.Debug|Any CPU.Build.0 = Debug|Any CPU
		{7495F11C-6ACB-445A-BE8F-A73969EB8651}.Debug|x64.ActiveCfg = Debug|Any CPU
		{7495F11C-6ACB-445A-BE8F-A73969EB8651}.Debug|x64.Build.0 = Debug|Any CPU
		{7495F11C-6ACB-445A-BE8F-A73969EB8651}.Debug|x86.ActiveCfg = Debug|Any CPU
		{7495F11C-6ACB-445A-BE8F-A73969EB8651}.Debug|x86.Build.0 = Debug|Any CPU
		{7495F11C-6ACB-445A-BE8F-A73969EB8651}.Release|Any CPU.ActiveCfg = Release|Any CPU
		{7495F11C-6ACB-445A-BE8F-A73969EB8651}.Release|Any CPU.Build.0 = Release|Any CPU
		{7495F11C-6ACB-445A-BE8F-A73969EB8651}.Release|x64.ActiveCfg = Release|Any CPU
		{7495F11C-6ACB-445A-BE8F-A73969EB8651}.Release|x64.Build.0 = Release|Any CPU
		{7495F11C-6ACB-445A-BE8F-A73969EB8651}.Release|x86.ActiveCfg = Release|Any CPU
		{7495F11C-6ACB-445A-BE8F-A73969EB8651}.Release|x86.Build.0 = Release|Any CPU
		{95D74A3F-243F-4CB0-945F-B47EABC672CF}.Debug|Any CPU.ActiveCfg = Debug|Any CPU
		{95D74A3F-243F-4CB0-945F-B47EABC672CF}.Debug|Any CPU.Build.0 = Debug|Any CPU
		{95D74A3F-243F-4CB0-945F-B47EABC672CF}.Debug|x64.ActiveCfg = Debug|Any CPU
		{95D74A3F-243F-4CB0-945F-B47EABC672CF}.Debug|x64.Build.0 = Debug|Any CPU
		{95D74A3F-243F-4CB0-945F-B47EABC672CF}.Debug|x86.ActiveCfg = Debug|Any CPU
		{95D74A3F-243F-4CB0-945F-B47EABC672CF}.Debug|x86.Build.0 = Debug|Any CPU
		{95D74A3F-243F-4CB0-945F-B47EABC672CF}.Release|Any CPU.ActiveCfg = Release|Any CPU
		{95D74A3F-243F-4CB0-945F-B47EABC672CF}.Release|Any CPU.Build.0 = Release|Any CPU
		{95D74A3F-243F-4CB0-945F-B47EABC672CF}.Release|x64.ActiveCfg = Release|Any CPU
		{95D74A3F-243F-4CB0-945F-B47EABC672CF}.Release|x64.Build.0 = Release|Any CPU
		{95D74A3F-243F-4CB0-945F-B47EABC672CF}.Release|x86.ActiveCfg = Release|Any CPU
		{95D74A3F-243F-4CB0-945F-B47EABC672CF}.Release|x86.Build.0 = Release|Any CPU
		{757952EE-C92D-4072-8F40-1BA61093A87C}.Debug|Any CPU.ActiveCfg = Debug|Any CPU
		{757952EE-C92D-4072-8F40-1BA61093A87C}.Debug|Any CPU.Build.0 = Debug|Any CPU
		{757952EE-C92D-4072-8F40-1BA61093A87C}.Debug|x64.ActiveCfg = Debug|Any CPU
		{757952EE-C92D-4072-8F40-1BA61093A87C}.Debug|x64.Build.0 = Debug|Any CPU
		{757952EE-C92D-4072-8F40-1BA61093A87C}.Debug|x86.ActiveCfg = Debug|Any CPU
		{757952EE-C92D-4072-8F40-1BA61093A87C}.Debug|x86.Build.0 = Debug|Any CPU
		{757952EE-C92D-4072-8F40-1BA61093A87C}.Release|Any CPU.ActiveCfg = Release|Any CPU
		{757952EE-C92D-4072-8F40-1BA61093A87C}.Release|Any CPU.Build.0 = Release|Any CPU
		{757952EE-C92D-4072-8F40-1BA61093A87C}.Release|x64.ActiveCfg = Release|Any CPU
		{757952EE-C92D-4072-8F40-1BA61093A87C}.Release|x64.Build.0 = Release|Any CPU
		{757952EE-C92D-4072-8F40-1BA61093A87C}.Release|x86.ActiveCfg = Release|Any CPU
		{757952EE-C92D-4072-8F40-1BA61093A87C}.Release|x86.Build.0 = Release|Any CPU
		{41519048-787A-4EF9-BDD5-8CDAD0371302}.Debug|Any CPU.ActiveCfg = Debug|Any CPU
		{41519048-787A-4EF9-BDD5-8CDAD0371302}.Debug|Any CPU.Build.0 = Debug|Any CPU
		{41519048-787A-4EF9-BDD5-8CDAD0371302}.Debug|x64.ActiveCfg = Debug|Any CPU
		{41519048-787A-4EF9-BDD5-8CDAD0371302}.Debug|x64.Build.0 = Debug|Any CPU
		{41519048-787A-4EF9-BDD5-8CDAD0371302}.Debug|x86.ActiveCfg = Debug|Any CPU
		{41519048-787A-4EF9-BDD5-8CDAD0371302}.Debug|x86.Build.0 = Debug|Any CPU
		{41519048-787A-4EF9-BDD5-8CDAD0371302}.Release|Any CPU.ActiveCfg = Release|Any CPU
		{41519048-787A-4EF9-BDD5-8CDAD0371302}.Release|Any CPU.Build.0 = Release|Any CPU
		{41519048-787A-4EF9-BDD5-8CDAD0371302}.Release|x64.ActiveCfg = Release|Any CPU
		{41519048-787A-4EF9-BDD5-8CDAD0371302}.Release|x64.Build.0 = Release|Any CPU
		{41519048-787A-4EF9-BDD5-8CDAD0371302}.Release|x86.ActiveCfg = Release|Any CPU
		{41519048-787A-4EF9-BDD5-8CDAD0371302}.Release|x86.Build.0 = Release|Any CPU
		{6E1DAA5B-76DC-4481-88C5-A97E088FF5CA}.Debug|Any CPU.ActiveCfg = Debug|Any CPU
		{6E1DAA5B-76DC-4481-88C5-A97E088FF5CA}.Debug|Any CPU.Build.0 = Debug|Any CPU
		{6E1DAA5B-76DC-4481-88C5-A97E088FF5CA}.Debug|x64.ActiveCfg = Debug|Any CPU
		{6E1DAA5B-76DC-4481-88C5-A97E088FF5CA}.Debug|x64.Build.0 = Debug|Any CPU
		{6E1DAA5B-76DC-4481-88C5-A97E088FF5CA}.Debug|x86.ActiveCfg = Debug|Any CPU
		{6E1DAA5B-76DC-4481-88C5-A97E088FF5CA}.Debug|x86.Build.0 = Debug|Any CPU
		{6E1DAA5B-76DC-4481-88C5-A97E088FF5CA}.Release|Any CPU.ActiveCfg = Release|Any CPU
		{6E1DAA5B-76DC-4481-88C5-A97E088FF5CA}.Release|Any CPU.Build.0 = Release|Any CPU
		{6E1DAA5B-76DC-4481-88C5-A97E088FF5CA}.Release|x64.ActiveCfg = Release|Any CPU
		{6E1DAA5B-76DC-4481-88C5-A97E088FF5CA}.Release|x64.Build.0 = Release|Any CPU
		{6E1DAA5B-76DC-4481-88C5-A97E088FF5CA}.Release|x86.ActiveCfg = Release|Any CPU
		{6E1DAA5B-76DC-4481-88C5-A97E088FF5CA}.Release|x86.Build.0 = Release|Any CPU
		{BCE757F3-EB66-4D43-8727-14C8A218DF56}.Debug|Any CPU.ActiveCfg = Debug|Any CPU
		{BCE757F3-EB66-4D43-8727-14C8A218DF56}.Debug|Any CPU.Build.0 = Debug|Any CPU
		{BCE757F3-EB66-4D43-8727-14C8A218DF56}.Debug|x64.ActiveCfg = Debug|Any CPU
		{BCE757F3-EB66-4D43-8727-14C8A218DF56}.Debug|x64.Build.0 = Debug|Any CPU
		{BCE757F3-EB66-4D43-8727-14C8A218DF56}.Debug|x86.ActiveCfg = Debug|Any CPU
		{BCE757F3-EB66-4D43-8727-14C8A218DF56}.Debug|x86.Build.0 = Debug|Any CPU
		{BCE757F3-EB66-4D43-8727-14C8A218DF56}.Release|Any CPU.ActiveCfg = Release|Any CPU
		{BCE757F3-EB66-4D43-8727-14C8A218DF56}.Release|Any CPU.Build.0 = Release|Any CPU
		{BCE757F3-EB66-4D43-8727-14C8A218DF56}.Release|x64.ActiveCfg = Release|Any CPU
		{BCE757F3-EB66-4D43-8727-14C8A218DF56}.Release|x64.Build.0 = Release|Any CPU
		{BCE757F3-EB66-4D43-8727-14C8A218DF56}.Release|x86.ActiveCfg = Release|Any CPU
		{BCE757F3-EB66-4D43-8727-14C8A218DF56}.Release|x86.Build.0 = Release|Any CPU
		{24B516B7-D63D-46A7-A321-B3B7C1BACA4D}.Debug|Any CPU.ActiveCfg = Debug|Any CPU
		{24B516B7-D63D-46A7-A321-B3B7C1BACA4D}.Debug|Any CPU.Build.0 = Debug|Any CPU
		{24B516B7-D63D-46A7-A321-B3B7C1BACA4D}.Debug|x64.ActiveCfg = Debug|Any CPU
		{24B516B7-D63D-46A7-A321-B3B7C1BACA4D}.Debug|x64.Build.0 = Debug|Any CPU
		{24B516B7-D63D-46A7-A321-B3B7C1BACA4D}.Debug|x86.ActiveCfg = Debug|Any CPU
		{24B516B7-D63D-46A7-A321-B3B7C1BACA4D}.Debug|x86.Build.0 = Debug|Any CPU
		{24B516B7-D63D-46A7-A321-B3B7C1BACA4D}.Release|Any CPU.ActiveCfg = Release|Any CPU
		{24B516B7-D63D-46A7-A321-B3B7C1BACA4D}.Release|Any CPU.Build.0 = Release|Any CPU
		{24B516B7-D63D-46A7-A321-B3B7C1BACA4D}.Release|x64.ActiveCfg = Release|Any CPU
		{24B516B7-D63D-46A7-A321-B3B7C1BACA4D}.Release|x64.Build.0 = Release|Any CPU
		{24B516B7-D63D-46A7-A321-B3B7C1BACA4D}.Release|x86.ActiveCfg = Release|Any CPU
		{24B516B7-D63D-46A7-A321-B3B7C1BACA4D}.Release|x86.Build.0 = Release|Any CPU
		{7A0F1CDA-CD9C-41E9-85CD-D60BB941DD93}.Debug|Any CPU.ActiveCfg = Debug|Any CPU
		{7A0F1CDA-CD9C-41E9-85CD-D60BB941DD93}.Debug|Any CPU.Build.0 = Debug|Any CPU
		{7A0F1CDA-CD9C-41E9-85CD-D60BB941DD93}.Debug|x64.ActiveCfg = Debug|Any CPU
		{7A0F1CDA-CD9C-41E9-85CD-D60BB941DD93}.Debug|x64.Build.0 = Debug|Any CPU
		{7A0F1CDA-CD9C-41E9-85CD-D60BB941DD93}.Debug|x86.ActiveCfg = Debug|Any CPU
		{7A0F1CDA-CD9C-41E9-85CD-D60BB941DD93}.Debug|x86.Build.0 = Debug|Any CPU
		{7A0F1CDA-CD9C-41E9-85CD-D60BB941DD93}.Release|Any CPU.ActiveCfg = Release|Any CPU
		{7A0F1CDA-CD9C-41E9-85CD-D60BB941DD93}.Release|Any CPU.Build.0 = Release|Any CPU
		{7A0F1CDA-CD9C-41E9-85CD-D60BB941DD93}.Release|x64.ActiveCfg = Release|Any CPU
		{7A0F1CDA-CD9C-41E9-85CD-D60BB941DD93}.Release|x64.Build.0 = Release|Any CPU
		{7A0F1CDA-CD9C-41E9-85CD-D60BB941DD93}.Release|x86.ActiveCfg = Release|Any CPU
		{7A0F1CDA-CD9C-41E9-85CD-D60BB941DD93}.Release|x86.Build.0 = Release|Any CPU
		{70833E64-57E1-420C-ADF6-0EB4DE9D43DE}.Debug|Any CPU.ActiveCfg = Debug|Any CPU
		{70833E64-57E1-420C-ADF6-0EB4DE9D43DE}.Debug|Any CPU.Build.0 = Debug|Any CPU
		{70833E64-57E1-420C-ADF6-0EB4DE9D43DE}.Debug|x64.ActiveCfg = Debug|Any CPU
		{70833E64-57E1-420C-ADF6-0EB4DE9D43DE}.Debug|x64.Build.0 = Debug|Any CPU
		{70833E64-57E1-420C-ADF6-0EB4DE9D43DE}.Debug|x86.ActiveCfg = Debug|Any CPU
		{70833E64-57E1-420C-ADF6-0EB4DE9D43DE}.Debug|x86.Build.0 = Debug|Any CPU
		{70833E64-57E1-420C-ADF6-0EB4DE9D43DE}.Release|Any CPU.ActiveCfg = Release|Any CPU
		{70833E64-57E1-420C-ADF6-0EB4DE9D43DE}.Release|Any CPU.Build.0 = Release|Any CPU
		{70833E64-57E1-420C-ADF6-0EB4DE9D43DE}.Release|x64.ActiveCfg = Release|Any CPU
		{70833E64-57E1-420C-ADF6-0EB4DE9D43DE}.Release|x64.Build.0 = Release|Any CPU
		{70833E64-57E1-420C-ADF6-0EB4DE9D43DE}.Release|x86.ActiveCfg = Release|Any CPU
		{70833E64-57E1-420C-ADF6-0EB4DE9D43DE}.Release|x86.Build.0 = Release|Any CPU
		{7AD98807-347C-4742-9769-06F464D4172F}.Debug|Any CPU.ActiveCfg = Debug|Any CPU
		{7AD98807-347C-4742-9769-06F464D4172F}.Debug|Any CPU.Build.0 = Debug|Any CPU
		{7AD98807-347C-4742-9769-06F464D4172F}.Debug|x64.ActiveCfg = Debug|Any CPU
		{7AD98807-347C-4742-9769-06F464D4172F}.Debug|x64.Build.0 = Debug|Any CPU
		{7AD98807-347C-4742-9769-06F464D4172F}.Debug|x86.ActiveCfg = Debug|Any CPU
		{7AD98807-347C-4742-9769-06F464D4172F}.Debug|x86.Build.0 = Debug|Any CPU
		{7AD98807-347C-4742-9769-06F464D4172F}.Release|Any CPU.ActiveCfg = Release|Any CPU
		{7AD98807-347C-4742-9769-06F464D4172F}.Release|Any CPU.Build.0 = Release|Any CPU
		{7AD98807-347C-4742-9769-06F464D4172F}.Release|x64.ActiveCfg = Release|Any CPU
		{7AD98807-347C-4742-9769-06F464D4172F}.Release|x64.Build.0 = Release|Any CPU
		{7AD98807-347C-4742-9769-06F464D4172F}.Release|x86.ActiveCfg = Release|Any CPU
		{7AD98807-347C-4742-9769-06F464D4172F}.Release|x86.Build.0 = Release|Any CPU
		{0A425634-BEA8-48DF-821B-B0B3355026BA}.Debug|Any CPU.ActiveCfg = Debug|Any CPU
		{0A425634-BEA8-48DF-821B-B0B3355026BA}.Debug|Any CPU.Build.0 = Debug|Any CPU
		{0A425634-BEA8-48DF-821B-B0B3355026BA}.Debug|x64.ActiveCfg = Debug|Any CPU
		{0A425634-BEA8-48DF-821B-B0B3355026BA}.Debug|x64.Build.0 = Debug|Any CPU
		{0A425634-BEA8-48DF-821B-B0B3355026BA}.Debug|x86.ActiveCfg = Debug|Any CPU
		{0A425634-BEA8-48DF-821B-B0B3355026BA}.Debug|x86.Build.0 = Debug|Any CPU
		{0A425634-BEA8-48DF-821B-B0B3355026BA}.Release|Any CPU.ActiveCfg = Release|Any CPU
		{0A425634-BEA8-48DF-821B-B0B3355026BA}.Release|Any CPU.Build.0 = Release|Any CPU
		{0A425634-BEA8-48DF-821B-B0B3355026BA}.Release|x64.ActiveCfg = Release|Any CPU
		{0A425634-BEA8-48DF-821B-B0B3355026BA}.Release|x64.Build.0 = Release|Any CPU
		{0A425634-BEA8-48DF-821B-B0B3355026BA}.Release|x86.ActiveCfg = Release|Any CPU
		{0A425634-BEA8-48DF-821B-B0B3355026BA}.Release|x86.Build.0 = Release|Any CPU
		{D3D909B6-1C6B-45A2-9260-1ABEBDC66D98}.Debug|Any CPU.ActiveCfg = Debug|Any CPU
		{D3D909B6-1C6B-45A2-9260-1ABEBDC66D98}.Debug|Any CPU.Build.0 = Debug|Any CPU
		{D3D909B6-1C6B-45A2-9260-1ABEBDC66D98}.Debug|x64.ActiveCfg = Debug|Any CPU
		{D3D909B6-1C6B-45A2-9260-1ABEBDC66D98}.Debug|x64.Build.0 = Debug|Any CPU
		{D3D909B6-1C6B-45A2-9260-1ABEBDC66D98}.Debug|x86.ActiveCfg = Debug|Any CPU
		{D3D909B6-1C6B-45A2-9260-1ABEBDC66D98}.Debug|x86.Build.0 = Debug|Any CPU
		{D3D909B6-1C6B-45A2-9260-1ABEBDC66D98}.Release|Any CPU.ActiveCfg = Release|Any CPU
		{D3D909B6-1C6B-45A2-9260-1ABEBDC66D98}.Release|Any CPU.Build.0 = Release|Any CPU
		{D3D909B6-1C6B-45A2-9260-1ABEBDC66D98}.Release|x64.ActiveCfg = Release|Any CPU
		{D3D909B6-1C6B-45A2-9260-1ABEBDC66D98}.Release|x64.Build.0 = Release|Any CPU
		{D3D909B6-1C6B-45A2-9260-1ABEBDC66D98}.Release|x86.ActiveCfg = Release|Any CPU
		{D3D909B6-1C6B-45A2-9260-1ABEBDC66D98}.Release|x86.Build.0 = Release|Any CPU
		{0A631C0F-7ED8-4EB0-8F18-0745A9E734B9}.Debug|Any CPU.ActiveCfg = Debug|Any CPU
		{0A631C0F-7ED8-4EB0-8F18-0745A9E734B9}.Debug|Any CPU.Build.0 = Debug|Any CPU
		{0A631C0F-7ED8-4EB0-8F18-0745A9E734B9}.Debug|x64.ActiveCfg = Debug|Any CPU
		{0A631C0F-7ED8-4EB0-8F18-0745A9E734B9}.Debug|x64.Build.0 = Debug|Any CPU
		{0A631C0F-7ED8-4EB0-8F18-0745A9E734B9}.Debug|x86.ActiveCfg = Debug|Any CPU
		{0A631C0F-7ED8-4EB0-8F18-0745A9E734B9}.Debug|x86.Build.0 = Debug|Any CPU
		{0A631C0F-7ED8-4EB0-8F18-0745A9E734B9}.Release|Any CPU.ActiveCfg = Release|Any CPU
		{0A631C0F-7ED8-4EB0-8F18-0745A9E734B9}.Release|Any CPU.Build.0 = Release|Any CPU
		{0A631C0F-7ED8-4EB0-8F18-0745A9E734B9}.Release|x64.ActiveCfg = Release|Any CPU
		{0A631C0F-7ED8-4EB0-8F18-0745A9E734B9}.Release|x64.Build.0 = Release|Any CPU
		{0A631C0F-7ED8-4EB0-8F18-0745A9E734B9}.Release|x86.ActiveCfg = Release|Any CPU
		{0A631C0F-7ED8-4EB0-8F18-0745A9E734B9}.Release|x86.Build.0 = Release|Any CPU
		{4531468B-0587-400C-B9CC-40A8D4FAF836}.Debug|Any CPU.ActiveCfg = Debug|Any CPU
		{4531468B-0587-400C-B9CC-40A8D4FAF836}.Debug|Any CPU.Build.0 = Debug|Any CPU
		{4531468B-0587-400C-B9CC-40A8D4FAF836}.Debug|x64.ActiveCfg = Debug|Any CPU
		{4531468B-0587-400C-B9CC-40A8D4FAF836}.Debug|x64.Build.0 = Debug|Any CPU
		{4531468B-0587-400C-B9CC-40A8D4FAF836}.Debug|x86.ActiveCfg = Debug|Any CPU
		{4531468B-0587-400C-B9CC-40A8D4FAF836}.Debug|x86.Build.0 = Debug|Any CPU
		{4531468B-0587-400C-B9CC-40A8D4FAF836}.Release|Any CPU.ActiveCfg = Release|Any CPU
		{4531468B-0587-400C-B9CC-40A8D4FAF836}.Release|Any CPU.Build.0 = Release|Any CPU
		{4531468B-0587-400C-B9CC-40A8D4FAF836}.Release|x64.ActiveCfg = Release|Any CPU
		{4531468B-0587-400C-B9CC-40A8D4FAF836}.Release|x64.Build.0 = Release|Any CPU
		{4531468B-0587-400C-B9CC-40A8D4FAF836}.Release|x86.ActiveCfg = Release|Any CPU
		{4531468B-0587-400C-B9CC-40A8D4FAF836}.Release|x86.Build.0 = Release|Any CPU
		{150E5C31-6234-4004-A59D-FE65531535AC}.Debug|Any CPU.ActiveCfg = Debug|Any CPU
		{150E5C31-6234-4004-A59D-FE65531535AC}.Debug|Any CPU.Build.0 = Debug|Any CPU
		{150E5C31-6234-4004-A59D-FE65531535AC}.Debug|x64.ActiveCfg = Debug|Any CPU
		{150E5C31-6234-4004-A59D-FE65531535AC}.Debug|x64.Build.0 = Debug|Any CPU
		{150E5C31-6234-4004-A59D-FE65531535AC}.Debug|x86.ActiveCfg = Debug|Any CPU
		{150E5C31-6234-4004-A59D-FE65531535AC}.Debug|x86.Build.0 = Debug|Any CPU
		{150E5C31-6234-4004-A59D-FE65531535AC}.Release|Any CPU.ActiveCfg = Release|Any CPU
		{150E5C31-6234-4004-A59D-FE65531535AC}.Release|Any CPU.Build.0 = Release|Any CPU
		{150E5C31-6234-4004-A59D-FE65531535AC}.Release|x64.ActiveCfg = Release|Any CPU
		{150E5C31-6234-4004-A59D-FE65531535AC}.Release|x64.Build.0 = Release|Any CPU
		{150E5C31-6234-4004-A59D-FE65531535AC}.Release|x86.ActiveCfg = Release|Any CPU
		{150E5C31-6234-4004-A59D-FE65531535AC}.Release|x86.Build.0 = Release|Any CPU
		{F6B47443-D6B9-4193-9D65-FAEED5DB73B3}.Debug|Any CPU.ActiveCfg = Debug|Any CPU
		{F6B47443-D6B9-4193-9D65-FAEED5DB73B3}.Debug|Any CPU.Build.0 = Debug|Any CPU
		{F6B47443-D6B9-4193-9D65-FAEED5DB73B3}.Debug|x64.ActiveCfg = Debug|Any CPU
		{F6B47443-D6B9-4193-9D65-FAEED5DB73B3}.Debug|x64.Build.0 = Debug|Any CPU
		{F6B47443-D6B9-4193-9D65-FAEED5DB73B3}.Debug|x86.ActiveCfg = Debug|Any CPU
		{F6B47443-D6B9-4193-9D65-FAEED5DB73B3}.Debug|x86.Build.0 = Debug|Any CPU
		{F6B47443-D6B9-4193-9D65-FAEED5DB73B3}.Release|Any CPU.ActiveCfg = Release|Any CPU
		{F6B47443-D6B9-4193-9D65-FAEED5DB73B3}.Release|Any CPU.Build.0 = Release|Any CPU
		{F6B47443-D6B9-4193-9D65-FAEED5DB73B3}.Release|x64.ActiveCfg = Release|Any CPU
		{F6B47443-D6B9-4193-9D65-FAEED5DB73B3}.Release|x64.Build.0 = Release|Any CPU
		{F6B47443-D6B9-4193-9D65-FAEED5DB73B3}.Release|x86.ActiveCfg = Release|Any CPU
		{F6B47443-D6B9-4193-9D65-FAEED5DB73B3}.Release|x86.Build.0 = Release|Any CPU
		{A125BD71-85FA-4356-AD5A-9098A5E17CFB}.Debug|Any CPU.ActiveCfg = Debug|Any CPU
		{A125BD71-85FA-4356-AD5A-9098A5E17CFB}.Debug|Any CPU.Build.0 = Debug|Any CPU
		{A125BD71-85FA-4356-AD5A-9098A5E17CFB}.Debug|x64.ActiveCfg = Debug|Any CPU
		{A125BD71-85FA-4356-AD5A-9098A5E17CFB}.Debug|x64.Build.0 = Debug|Any CPU
		{A125BD71-85FA-4356-AD5A-9098A5E17CFB}.Debug|x86.ActiveCfg = Debug|Any CPU
		{A125BD71-85FA-4356-AD5A-9098A5E17CFB}.Debug|x86.Build.0 = Debug|Any CPU
		{A125BD71-85FA-4356-AD5A-9098A5E17CFB}.Release|Any CPU.ActiveCfg = Release|Any CPU
		{A125BD71-85FA-4356-AD5A-9098A5E17CFB}.Release|Any CPU.Build.0 = Release|Any CPU
		{A125BD71-85FA-4356-AD5A-9098A5E17CFB}.Release|x64.ActiveCfg = Release|Any CPU
		{A125BD71-85FA-4356-AD5A-9098A5E17CFB}.Release|x64.Build.0 = Release|Any CPU
		{A125BD71-85FA-4356-AD5A-9098A5E17CFB}.Release|x86.ActiveCfg = Release|Any CPU
		{A125BD71-85FA-4356-AD5A-9098A5E17CFB}.Release|x86.Build.0 = Release|Any CPU
		{0B29BCE9-C3C8-4F76-BAAB-7877A34AE203}.Debug|Any CPU.ActiveCfg = Debug|Any CPU
		{0B29BCE9-C3C8-4F76-BAAB-7877A34AE203}.Debug|Any CPU.Build.0 = Debug|Any CPU
		{0B29BCE9-C3C8-4F76-BAAB-7877A34AE203}.Debug|x64.ActiveCfg = Debug|Any CPU
		{0B29BCE9-C3C8-4F76-BAAB-7877A34AE203}.Debug|x64.Build.0 = Debug|Any CPU
		{0B29BCE9-C3C8-4F76-BAAB-7877A34AE203}.Debug|x86.ActiveCfg = Debug|Any CPU
		{0B29BCE9-C3C8-4F76-BAAB-7877A34AE203}.Debug|x86.Build.0 = Debug|Any CPU
		{0B29BCE9-C3C8-4F76-BAAB-7877A34AE203}.Release|Any CPU.ActiveCfg = Release|Any CPU
		{0B29BCE9-C3C8-4F76-BAAB-7877A34AE203}.Release|Any CPU.Build.0 = Release|Any CPU
		{0B29BCE9-C3C8-4F76-BAAB-7877A34AE203}.Release|x64.ActiveCfg = Release|Any CPU
		{0B29BCE9-C3C8-4F76-BAAB-7877A34AE203}.Release|x64.Build.0 = Release|Any CPU
		{0B29BCE9-C3C8-4F76-BAAB-7877A34AE203}.Release|x86.ActiveCfg = Release|Any CPU
		{0B29BCE9-C3C8-4F76-BAAB-7877A34AE203}.Release|x86.Build.0 = Release|Any CPU
		{5AD619CA-B4BA-4BDC-A9A4-FA83E096BF80}.Debug|Any CPU.ActiveCfg = Debug|Any CPU
		{5AD619CA-B4BA-4BDC-A9A4-FA83E096BF80}.Debug|Any CPU.Build.0 = Debug|Any CPU
		{5AD619CA-B4BA-4BDC-A9A4-FA83E096BF80}.Debug|x64.ActiveCfg = Debug|Any CPU
		{5AD619CA-B4BA-4BDC-A9A4-FA83E096BF80}.Debug|x64.Build.0 = Debug|Any CPU
		{5AD619CA-B4BA-4BDC-A9A4-FA83E096BF80}.Debug|x86.ActiveCfg = Debug|Any CPU
		{5AD619CA-B4BA-4BDC-A9A4-FA83E096BF80}.Debug|x86.Build.0 = Debug|Any CPU
		{5AD619CA-B4BA-4BDC-A9A4-FA83E096BF80}.Release|Any CPU.ActiveCfg = Release|Any CPU
		{5AD619CA-B4BA-4BDC-A9A4-FA83E096BF80}.Release|Any CPU.Build.0 = Release|Any CPU
		{5AD619CA-B4BA-4BDC-A9A4-FA83E096BF80}.Release|x64.ActiveCfg = Release|Any CPU
		{5AD619CA-B4BA-4BDC-A9A4-FA83E096BF80}.Release|x64.Build.0 = Release|Any CPU
		{5AD619CA-B4BA-4BDC-A9A4-FA83E096BF80}.Release|x86.ActiveCfg = Release|Any CPU
		{5AD619CA-B4BA-4BDC-A9A4-FA83E096BF80}.Release|x86.Build.0 = Release|Any CPU
		{4BFF8298-FFFE-4106-9302-20C39880FA41}.Debug|Any CPU.ActiveCfg = Debug|Any CPU
		{4BFF8298-FFFE-4106-9302-20C39880FA41}.Debug|Any CPU.Build.0 = Debug|Any CPU
		{4BFF8298-FFFE-4106-9302-20C39880FA41}.Debug|x64.ActiveCfg = Debug|Any CPU
		{4BFF8298-FFFE-4106-9302-20C39880FA41}.Debug|x64.Build.0 = Debug|Any CPU
		{4BFF8298-FFFE-4106-9302-20C39880FA41}.Debug|x86.ActiveCfg = Debug|Any CPU
		{4BFF8298-FFFE-4106-9302-20C39880FA41}.Debug|x86.Build.0 = Debug|Any CPU
		{4BFF8298-FFFE-4106-9302-20C39880FA41}.Release|Any CPU.ActiveCfg = Release|Any CPU
		{4BFF8298-FFFE-4106-9302-20C39880FA41}.Release|Any CPU.Build.0 = Release|Any CPU
		{4BFF8298-FFFE-4106-9302-20C39880FA41}.Release|x64.ActiveCfg = Release|Any CPU
		{4BFF8298-FFFE-4106-9302-20C39880FA41}.Release|x64.Build.0 = Release|Any CPU
		{4BFF8298-FFFE-4106-9302-20C39880FA41}.Release|x86.ActiveCfg = Release|Any CPU
		{4BFF8298-FFFE-4106-9302-20C39880FA41}.Release|x86.Build.0 = Release|Any CPU
		{C510BA43-AA7D-42F9-AF09-A6AA34FB2EFC}.Debug|Any CPU.ActiveCfg = Debug|Any CPU
		{C510BA43-AA7D-42F9-AF09-A6AA34FB2EFC}.Debug|Any CPU.Build.0 = Debug|Any CPU
		{C510BA43-AA7D-42F9-AF09-A6AA34FB2EFC}.Debug|x64.ActiveCfg = Debug|Any CPU
		{C510BA43-AA7D-42F9-AF09-A6AA34FB2EFC}.Debug|x64.Build.0 = Debug|Any CPU
		{C510BA43-AA7D-42F9-AF09-A6AA34FB2EFC}.Debug|x86.ActiveCfg = Debug|Any CPU
		{C510BA43-AA7D-42F9-AF09-A6AA34FB2EFC}.Debug|x86.Build.0 = Debug|Any CPU
		{C510BA43-AA7D-42F9-AF09-A6AA34FB2EFC}.Release|Any CPU.ActiveCfg = Release|Any CPU
		{C510BA43-AA7D-42F9-AF09-A6AA34FB2EFC}.Release|Any CPU.Build.0 = Release|Any CPU
		{C510BA43-AA7D-42F9-AF09-A6AA34FB2EFC}.Release|x64.ActiveCfg = Release|Any CPU
		{C510BA43-AA7D-42F9-AF09-A6AA34FB2EFC}.Release|x64.Build.0 = Release|Any CPU
		{C510BA43-AA7D-42F9-AF09-A6AA34FB2EFC}.Release|x86.ActiveCfg = Release|Any CPU
		{C510BA43-AA7D-42F9-AF09-A6AA34FB2EFC}.Release|x86.Build.0 = Release|Any CPU
		{EB0CC2A9-2E6F-4A7A-9123-8EEA325FB645}.Debug|Any CPU.ActiveCfg = Debug|Any CPU
		{EB0CC2A9-2E6F-4A7A-9123-8EEA325FB645}.Debug|Any CPU.Build.0 = Debug|Any CPU
		{EB0CC2A9-2E6F-4A7A-9123-8EEA325FB645}.Debug|x64.ActiveCfg = Debug|Any CPU
		{EB0CC2A9-2E6F-4A7A-9123-8EEA325FB645}.Debug|x64.Build.0 = Debug|Any CPU
		{EB0CC2A9-2E6F-4A7A-9123-8EEA325FB645}.Debug|x86.ActiveCfg = Debug|Any CPU
		{EB0CC2A9-2E6F-4A7A-9123-8EEA325FB645}.Debug|x86.Build.0 = Debug|Any CPU
		{EB0CC2A9-2E6F-4A7A-9123-8EEA325FB645}.Release|Any CPU.ActiveCfg = Release|Any CPU
		{EB0CC2A9-2E6F-4A7A-9123-8EEA325FB645}.Release|Any CPU.Build.0 = Release|Any CPU
		{EB0CC2A9-2E6F-4A7A-9123-8EEA325FB645}.Release|x64.ActiveCfg = Release|Any CPU
		{EB0CC2A9-2E6F-4A7A-9123-8EEA325FB645}.Release|x64.Build.0 = Release|Any CPU
		{EB0CC2A9-2E6F-4A7A-9123-8EEA325FB645}.Release|x86.ActiveCfg = Release|Any CPU
		{EB0CC2A9-2E6F-4A7A-9123-8EEA325FB645}.Release|x86.Build.0 = Release|Any CPU
	EndGlobalSection
	GlobalSection(SolutionProperties) = preSolution
		HideSolutionNode = FALSE
	EndGlobalSection
	GlobalSection(NestedProjects) = preSolution
		{A8FAE175-2E1F-472E-B4FC-8C3D03FF283A} = {827E0CD3-B72D-47B6-A68D-7590B98EB39B}
		{0EDEB95A-2C00-4B25-83E1-C2B8B33A212A} = {827E0CD3-B72D-47B6-A68D-7590B98EB39B}
		{B483F71D-20DB-46DD-B07C-0E1D8D432B9E} = {0AB3BF05-4346-4AA6-1389-037BE0695223}
		{EE051155-BE4D-4F90-8CF3-1A9AF5E1898E} = {0AB3BF05-4346-4AA6-1389-037BE0695223}
		{90AB853F-9033-408D-A1A8-37C8E18FA680} = {827E0CD3-B72D-47B6-A68D-7590B98EB39B}
		{9679FB89-FE93-4E8E-8078-E001A99452BC} = {0AB3BF05-4346-4AA6-1389-037BE0695223}
		{840E889E-8408-4A2D-A9AD-80F9433069F2} = {0AB3BF05-4346-4AA6-1389-037BE0695223}
		{7495F11C-6ACB-445A-BE8F-A73969EB8651} = {0AB3BF05-4346-4AA6-1389-037BE0695223}
		{95D74A3F-243F-4CB0-945F-B47EABC672CF} = {0AB3BF05-4346-4AA6-1389-037BE0695223}
		{757952EE-C92D-4072-8F40-1BA61093A87C} = {5D20AA90-6969-D8BD-9DCD-8634F4692FDA}
		{41519048-787A-4EF9-BDD5-8CDAD0371302} = {5D20AA90-6969-D8BD-9DCD-8634F4692FDA}
		{6E1DAA5B-76DC-4481-88C5-A97E088FF5CA} = {5D20AA90-6969-D8BD-9DCD-8634F4692FDA}
		{BCE757F3-EB66-4D43-8727-14C8A218DF56} = {5D20AA90-6969-D8BD-9DCD-8634F4692FDA}
		{24B516B7-D63D-46A7-A321-B3B7C1BACA4D} = {5D20AA90-6969-D8BD-9DCD-8634F4692FDA}
		{7A0F1CDA-CD9C-41E9-85CD-D60BB941DD93} = {5D20AA90-6969-D8BD-9DCD-8634F4692FDA}
		{70833E64-57E1-420C-ADF6-0EB4DE9D43DE} = {5D20AA90-6969-D8BD-9DCD-8634F4692FDA}
		{7AD98807-347C-4742-9769-06F464D4172F} = {5D20AA90-6969-D8BD-9DCD-8634F4692FDA}
		{0A425634-BEA8-48DF-821B-B0B3355026BA} = {5D20AA90-6969-D8BD-9DCD-8634F4692FDA}
		{D3D909B6-1C6B-45A2-9260-1ABEBDC66D98} = {5D20AA90-6969-D8BD-9DCD-8634F4692FDA}
		{0A631C0F-7ED8-4EB0-8F18-0745A9E734B9} = {5D20AA90-6969-D8BD-9DCD-8634F4692FDA}
		{4531468B-0587-400C-B9CC-40A8D4FAF836} = {5D20AA90-6969-D8BD-9DCD-8634F4692FDA}
		{150E5C31-6234-4004-A59D-FE65531535AC} = {5D20AA90-6969-D8BD-9DCD-8634F4692FDA}
		{F6B47443-D6B9-4193-9D65-FAEED5DB73B3} = {5D20AA90-6969-D8BD-9DCD-8634F4692FDA}
		{A125BD71-85FA-4356-AD5A-9098A5E17CFB} = {5D20AA90-6969-D8BD-9DCD-8634F4692FDA}
		{0B29BCE9-C3C8-4F76-BAAB-7877A34AE203} = {0AB3BF05-4346-4AA6-1389-037BE0695223}
		{C7BAFAB4-7248-6C1D-4F1A-5C71C8CBBB62} = {07C2787E-EAC7-C090-1BA3-A61EC2A24D84}
		{5AD619CA-B4BA-4BDC-A9A4-FA83E096BF80} = {C7BAFAB4-7248-6C1D-4F1A-5C71C8CBBB62}
		{4BFF8298-FFFE-4106-9302-20C39880FA41} = {0AB3BF05-4346-4AA6-1389-037BE0695223}
		{C510BA43-AA7D-42F9-AF09-A6AA34FB2EFC} = {0AB3BF05-4346-4AA6-1389-037BE0695223}
		{EB0CC2A9-2E6F-4A7A-9123-8EEA325FB645} = {0AB3BF05-4346-4AA6-1389-037BE0695223}
	EndGlobalSection
EndGlobal
