
Microsoft Visual Studio Solution File, Format Version 12.00
# Visual Studio Version 17
VisualStudioVersion = 17.0.31903.59
MinimumVisualStudioVersion = 10.0.40219.1
Project("{2150E333-8FDC-42A3-9474-1A3956D46DE8}") = "src", "src", "{827E0CD3-B72D-47B6-A68D-7590B98EB39B}"
EndProject
Project("{FAE04EC0-301F-11D3-BF4B-00C04F79EFBC}") = "Credentials.Core", "src\Credentials.Core\Credentials.Core.csproj", "{A8FAE175-2E1F-472E-B4FC-8C3D03FF283A}"
EndProject
Project("{FAE04EC0-301F-11D3-BF4B-00C04F79EFBC}") = "Credentials.Extensions.DependencyInjection", "src\Credentials.Extensions.DependencyInjection\Credentials.Extensions.DependencyInjection.csproj", "{0EDEB95A-2C00-4B25-83E1-C2B8B33A212A}"
EndProject
Project("{2150E333-8FDC-42A3-9474-1A3956D46DE8}") = "tests", "tests", "{0AB3BF05-4346-4AA6-1389-037BE0695223}"
EndProject
Project("{FAE04EC0-301F-11D3-BF4B-00C04F79EFBC}") = "Credentials.Core.Tests", "tests\Credentials.Core.Tests\Credentials.Core.Tests.csproj", "{B483F71D-20DB-46DD-B07C-0E1D8D432B9E}"
EndProject
Project("{FAE04EC0-301F-11D3-BF4B-00C04F79EFBC}") = "Credentials.Extensions.DependencyInjection.Tests", "tests\Credentials.Extensions.DependencyInjection.Tests\Credentials.Extensions.DependencyInjection.Tests.csproj", "{EE051155-BE4D-4F90-8CF3-1A9AF5E1898E}"
EndProject
Global
	GlobalSection(SolutionConfigurationPlatforms) = preSolution
		Debug|Any CPU = Debug|Any CPU
		Debug|x64 = Debug|x64
		Debug|x86 = Debug|x86
		Release|Any CPU = Release|Any CPU
		Release|x64 = Release|x64
		Release|x86 = Release|x86
	EndGlobalSection
	GlobalSection(ProjectConfigurationPlatforms) = postSolution
		{A8FAE175-2E1F-472E-B4FC-8C3D03FF283A}.Debug|Any CPU.ActiveCfg = Debug|Any CPU
		{A8FAE175-2E1F-472E-B4FC-8C3D03FF283A}.Debug|Any CPU.Build.0 = Debug|Any CPU
		{A8FAE175-2E1F-472E-B4FC-8C3D03FF283A}.Debug|x64.ActiveCfg = Debug|Any CPU
		{A8FAE175-2E1F-472E-B4FC-8C3D03FF283A}.Debug|x64.Build.0 = Debug|Any CPU
		{A8FAE175-2E1F-472E-B4FC-8C3D03FF283A}.Debug|x86.ActiveCfg = Debug|Any CPU
		{A8FAE175-2E1F-472E-B4FC-8C3D03FF283A}.Debug|x86.Build.0 = Debug|Any CPU
		{A8FAE175-2E1F-472E-B4FC-8C3D03FF283A}.Release|Any CPU.ActiveCfg = Release|Any CPU
		{A8FAE175-2E1F-472E-B4FC-8C3D03FF283A}.Release|Any CPU.Build.0 = Release|Any CPU
		{A8FAE175-2E1F-472E-B4FC-8C3D03FF283A}.Release|x64.ActiveCfg = Release|Any CPU
		{A8FAE175-2E1F-472E-B4FC-8C3D03FF283A}.Release|x64.Build.0 = Release|Any CPU
		{A8FAE175-2E1F-472E-B4FC-8C3D03FF283A}.Release|x86.ActiveCfg = Release|Any CPU
		{A8FAE175-2E1F-472E-B4FC-8C3D03FF283A}.Release|x86.Build.0 = Release|Any CPU
		{0EDEB95A-2C00-4B25-83E1-C2B8B33A212A}.Debug|Any CPU.ActiveCfg = Debug|Any CPU
		{0EDEB95A-2C00-4B25-83E1-C2B8B33A212A}.Debug|Any CPU.Build.0 = Debug|Any CPU
		{0EDEB95A-2C00-4B25-83E1-C2B8B33A212A}.Debug|x64.ActiveCfg = Debug|Any CPU
		{0EDEB95A-2C00-4B25-83E1-C2B8B33A212A}.Debug|x64.Build.0 = Debug|Any CPU
		{0EDEB95A-2C00-4B25-83E1-C2B8B33A212A}.Debug|x86.ActiveCfg = Debug|Any CPU
		{0EDEB95A-2C00-4B25-83E1-C2B8B33A212A}.Debug|x86.Build.0 = Debug|Any CPU
		{0EDEB95A-2C00-4B25-83E1-C2B8B33A212A}.Release|Any CPU.ActiveCfg = Release|Any CPU
		{0EDEB95A-2C00-4B25-83E1-C2B8B33A212A}.Release|Any CPU.Build.0 = Release|Any CPU
		{0EDEB95A-2C00-4B25-83E1-C2B8B33A212A}.Release|x64.ActiveCfg = Release|Any CPU
		{0EDEB95A-2C00-4B25-83E1-C2B8B33A212A}.Release|x64.Build.0 = Release|Any CPU
		{0EDEB95A-2C00-4B25-83E1-C2B8B33A212A}.Release|x86.ActiveCfg = Release|Any CPU
		{0EDEB95A-2C00-4B25-83E1-C2B8B33A212A}.Release|x86.Build.0 = Release|Any CPU
		{B483F71D-20DB-46DD-B07C-0E1D8D432B9E}.Debug|Any CPU.ActiveCfg = Debug|Any CPU
		{B483F71D-20DB-46DD-B07C-0E1D8D432B9E}.Debug|Any CPU.Build.0 = Debug|Any CPU
		{B483F71D-20DB-46DD-B07C-0E1D8D432B9E}.Debug|x64.ActiveCfg = Debug|Any CPU
		{B483F71D-20DB-46DD-B07C-0E1D8D432B9E}.Debug|x64.Build.0 = Debug|Any CPU
		{B483F71D-20DB-46DD-B07C-0E1D8D432B9E}.Debug|x86.ActiveCfg = Debug|Any CPU
		{B483F71D-20DB-46DD-B07C-0E1D8D432B9E}.Debug|x86.Build.0 = Debug|Any CPU
		{B483F71D-20DB-46DD-B07C-0E1D8D432B9E}.Release|Any CPU.ActiveCfg = Release|Any CPU
		{B483F71D-20DB-46DD-B07C-0E1D8D432B9E}.Release|Any CPU.Build.0 = Release|Any CPU
		{B483F71D-20DB-46DD-B07C-0E1D8D432B9E}.Release|x64.ActiveCfg = Release|Any CPU
		{B483F71D-20DB-46DD-B07C-0E1D8D432B9E}.Release|x64.Build.0 = Release|Any CPU
		{B483F71D-20DB-46DD-B07C-0E1D8D432B9E}.Release|x86.ActiveCfg = Release|Any CPU
		{B483F71D-20DB-46DD-B07C-0E1D8D432B9E}.Release|x86.Build.0 = Release|Any CPU
		{EE051155-BE4D-4F90-8CF3-1A9AF5E1898E}.Debug|Any CPU.ActiveCfg = Debug|Any CPU
		{EE051155-BE4D-4F90-8CF3-1A9AF5E1898E}.Debug|Any CPU.Build.0 = Debug|Any CPU
		{EE051155-BE4D-4F90-8CF3-1A9AF5E1898E}.Debug|x64.ActiveCfg = Debug|Any CPU
		{EE051155-BE4D-4F90-8CF3-1A9AF5E1898E}.Debug|x64.Build.0 = Debug|Any CPU
		{EE051155-BE4D-4F90-8CF3-1A9AF5E1898E}.Debug|x86.ActiveCfg = Debug|Any CPU
		{EE051155-BE4D-4F90-8CF3-1A9AF5E1898E}.Debug|x86.Build.0 = Debug|Any CPU
		{EE051155-BE4D-4F90-8CF3-1A9AF5E1898E}.Release|Any CPU.ActiveCfg = Release|Any CPU
		{EE051155-BE4D-4F90-8CF3-1A9AF5E1898E}.Release|Any CPU.Build.0 = Release|Any CPU
		{EE051155-BE4D-4F90-8CF3-1A9AF5E1898E}.Release|x64.ActiveCfg = Release|Any CPU
		{EE051155-BE4D-4F90-8CF3-1A9AF5E1898E}.Release|x64.Build.0 = Release|Any CPU
		{EE051155-BE4D-4F90-8CF3-1A9AF5E1898E}.Release|x86.ActiveCfg = Release|Any CPU
		{EE051155-BE4D-4F90-8CF3-1A9AF5E1898E}.Release|x86.Build.0 = Release|Any CPU
	EndGlobalSection
	GlobalSection(SolutionProperties) = preSolution
		HideSolutionNode = FALSE
	EndGlobalSection
	GlobalSection(NestedProjects) = preSolution
		{A8FAE175-2E1F-472E-B4FC-8C3D03FF283A} = {827E0CD3-B72D-47B6-A68D-7590B98EB39B}
		{0EDEB95A-2C00-4B25-83E1-C2B8B33A212A} = {827E0CD3-B72D-47B6-A68D-7590B98EB39B}
		{B483F71D-20DB-46DD-B07C-0E1D8D432B9E} = {0AB3BF05-4346-4AA6-1389-037BE0695223}
		{EE051155-BE4D-4F90-8CF3-1A9AF5E1898E} = {0AB3BF05-4346-4AA6-1389-037BE0695223}
	EndGlobalSection
EndGlobal
